PODS:
  - Crashlytics (3.8.3):
    - Fabric (~> 1.6.3)
  - Fabric (1.6.11)
  - MTLImage (0.1.0):
    - MTLImage/CloudKit (= 0.1.0)
    - MTLImage/Core (= 0.1.0)
    - MTLImage/CoreData (= 0.1.0)
  - MTLImage/CloudKit (0.1.0)
  - MTLImage/Core (0.1.0)
  - MTLImage/CoreData (0.1.0)

DEPENDENCIES:
  - Crashlytics
  - Fabric
  - MTLImage (from `../`)

EXTERNAL SOURCES:
  MTLImage:
    :path: "../"

SPEC CHECKSUMS:
  Crashlytics: 2b6dbe138a42395577cfa73dfa1aa7248cadf39e
  Fabric: 5911403591946b8228ab1c51d98f1d7137e863c6
  MTLImage: 863d8fb2b83d1cf39e4942f5db3b4d74af45c4de

PODFILE CHECKSUM: 1a70ff85dddce6946be9bd41090ab8a26438d85a

COCOAPODS: 1.1.1
